// !$*UTF8*$!
{
	archiveVersion = 1;
	classes = {
	};
	objectVersion = 77;
	objects = {

/* Begin PBXBuildFile section */
		DD4048962DDA6DB400C99291 /* Vortex in Frameworks */ = {isa = PBXBuildFile; productRef = DD4048952DDA6DB400C99291 /* Vortex */; };
		DD4048992DDA708600C99291 /* Liquid in Frameworks */ = {isa = PBXBuildFile; productRef = DD4048982DDA708600C99291 /* Liquid */; };
		DD40489F2DDA7ABA00C99291 /* ConcentricOnboarding in Frameworks */ = {isa = PBXBuildFile; productRef = DD40489E2DDA7ABA00C99291 /* ConcentricOnboarding */; };
		DDA469E42DCE9E2C0083E6A5 /* Lottie in Frameworks */ = {isa = PBXBuildFile; productRef = DDA469E32DCE9E2C0083E6A5 /* Lottie */; };
		DDA46A7A2DD35F6C0083E6A5 /* ConfettiSwiftUI in Frameworks */ = {isa = PBXBuildFile; productRef = DDA46A792DD35F6C0083E6A5 /* ConfettiSwiftUI */; };
		DDA46A7D2DD35F820083E6A5 /* SwiftGlass in Frameworks */ = {isa = PBXBuildFile; productRef = DDA46A7C2DD35F820083E6A5 /* SwiftGlass */; };
/* End PBXBuildFile section */

/* Begin PBXCopyFilesBuildPhase section */
		DD55086E2DCE92C800C419DA /* Embed Frameworks */ = {
			isa = PBXCopyFilesBuildPhase;
			buildActionMask = 2147483647;
			dstPath = "";
			dstSubfolderSpec = 10;
			files = (
			);
			name = "Embed Frameworks";
			runOnlyForDeploymentPostprocessing = 0;
		};
/* End PBXCopyFilesBuildPhase section */

/* Begin PBXFileReference section */
		DD55075B2DC93A9500C419DA /* Challenge7.app */ = {isa = PBXFileReference; explicitFileType = wrapper.application; includeInIndex = 0; path = Challenge7.app; sourceTree = BUILT_PRODUCTS_DIR; };
/* End PBXFileReference section */

/* Begin PBXFileSystemSynchronizedRootGroup section */
		DD55075D2DC93A9500C419DA /* Challenge7 */ = {
			isa = PBXFileSystemSynchronizedRootGroup;
			path = Challenge7;
			sourceTree = "<group>";
		};
/* End PBXFileSystemSynchronizedRootGroup section */

/* Begin PBXFrameworksBuildPhase section */
		DD5507582DC93A9500C419DA /* Frameworks */ = {
			isa = PBXFrameworksBuildPhase;
			buildActionMask = 2147483647;
			files = (
				DD4048992DDA708600C99291 /* Liquid in Frameworks */,
				DDA46A7D2DD35F820083E6A5 /* SwiftGlass in Frameworks */,
				DDA46A7A2DD35F6C0083E6A5 /* ConfettiSwiftUI in Frameworks */,
				DD40489F2DDA7ABA00C99291 /* ConcentricOnboarding in Frameworks */,
				DD4048962DDA6DB400C99291 /* Vortex in Frameworks */,
				DDA469E42DCE9E2C0083E6A5 /* Lottie in Frameworks */,
			);
			runOnlyForDeploymentPostprocessing = 0;
		};
/* End PBXFrameworksBuildPhase section */

/* Begin PBXGroup section */
		DD5507522DC93A9500C419DA = {
			isa = PBXGroup;
			children = (
				DD55075D2DC93A9500C419DA /* Challenge7 */,
				DD55075C2DC93A9500C419DA /* Products */,
			);
			sourceTree = "<group>";
		};
		DD55075C2DC93A9500C419DA /* Products */ = {
			isa = PBXGroup;
			children = (
				DD55075B2DC93A9500C419DA /* Challenge7.app */,
			);
			name = Products;
			sourceTree = "<group>";
		};
/* End PBXGroup section */

/* Begin PBXNativeTarget section */
		DD55075A2DC93A9500C419DA /* Challenge7 */ = {
			isa = PBXNativeTarget;
			buildConfigurationList = DD5507662DC93A9600C419DA /* Build configuration list for PBXNativeTarget "Challenge7" */;
			buildPhases = (
				DD5507572DC93A9500C419DA /* Sources */,
				DD5507582DC93A9500C419DA /* Frameworks */,
				DD5507592DC93A9500C419DA /* Resources */,
				DD55086E2DCE92C800C419DA /* Embed Frameworks */,
			);
			buildRules = (
			);
			dependencies = (
			);
			fileSystemSynchronizedGroups = (
				DD55075D2DC93A9500C419DA /* Challenge7 */,
			);
			name = Challenge7;
			packageProductDependencies = (
				DDA469E32DCE9E2C0083E6A5 /* Lottie */,
				DDA46A792DD35F6C0083E6A5 /* ConfettiSwiftUI */,
				DDA46A7C2DD35F820083E6A5 /* SwiftGlass */,
				DD4048952DDA6DB400C99291 /* Vortex */,
				DD4048982DDA708600C99291 /* Liquid */,
				DD40489E2DDA7ABA00C99291 /* ConcentricOnboarding */,
			);
			productName = Challenge7;
			productReference = DD55075B2DC93A9500C419DA /* Challenge7.app */;
			productType = "com.apple.product-type.application";
		};
/* End PBXNativeTarget section */

/* Begin PBXProject section */
		DD5507532DC93A9500C419DA /* Project object */ = {
			isa = PBXProject;
			attributes = {
				BuildIndependentTargetsInParallel = 1;
				LastSwiftUpdateCheck = 1630;
				LastUpgradeCheck = 1630;
				TargetAttributes = {
					DD55075A2DC93A9500C419DA = {
						CreatedOnToolsVersion = 16.3;
					};
				};
			};
			buildConfigurationList = DD5507562DC93A9500C419DA /* Build configuration list for PBXProject "Challenge7" */;
			developmentRegion = en;
			hasScannedForEncodings = 0;
			knownRegions = (
				en,
				Base,
			);
			mainGroup = DD5507522DC93A9500C419DA;
			minimizedProjectReferenceProxies = 1;
			packageReferences = (
				DDA469E22DCE9E2C0083E6A5 /* XCRemoteSwiftPackageReference "lottie-ios" */,
				DDA46A782DD35F6C0083E6A5 /* XCRemoteSwiftPackageReference "ConfettiSwiftUI" */,
				DDA46A7B2DD35F820083E6A5 /* XCRemoteSwiftPackageReference "SwiftGlass" */,
				DD4048942DDA6DB400C99291 /* XCRemoteSwiftPackageReference "Vortex" */,
				DD4048972DDA708600C99291 /* XCRemoteSwiftPackageReference "liquid" */,
				DD40489D2DDA7ABA00C99291 /* XCRemoteSwiftPackageReference "ConcentricOnboarding" */,
			);
			preferredProjectObjectVersion = 77;
			productRefGroup = DD55075C2DC93A9500C419DA /* Products */;
			projectDirPath = "";
			projectRoot = "";
			targets = (
				DD55075A2DC93A9500C419DA /* Challenge7 */,
			);
		};
/* End PBXProject section */

/* Begin PBXResourcesBuildPhase section */
		DD5507592DC93A9500C419DA /* Resources */ = {
			isa = PBXResourcesBuildPhase;
			buildActionMask = 2147483647;
			files = (
			);
			runOnlyForDeploymentPostprocessing = 0;
		};
/* End PBXResourcesBuildPhase section */

/* Begin PBXSourcesBuildPhase section */
		DD5507572DC93A9500C419DA /* Sources */ = {
			isa = PBXSourcesBuildPhase;
			buildActionMask = 2147483647;
			files = (
			);
			runOnlyForDeploymentPostprocessing = 0;
		};
/* End PBXSourcesBuildPhase section */

/* Begin XCBuildConfiguration section */
		DD5507642DC93A9600C419DA /* Debug */ = {
			isa = XCBuildConfiguration;
			buildSettings = {
				ALWAYS_SEARCH_USER_PATHS = NO;
				ASSETCATALOG_COMPILER_GENERATE_SWIFT_ASSET_SYMBOL_EXTENSIONS = YES;
				CLANG_ANALYZER_NONNULL = YES;
				CLANG_ANALYZER_NUMBER_OBJECT_CONVERSION = YES_AGGRESSIVE;
				CLANG_CXX_LANGUAGE_STANDARD = "gnu++20";
				CLANG_ENABLE_MODULES = YES;
				CLANG_ENABLE_OBJC_ARC = YES;
				CLANG_ENABLE_OBJC_WEAK = YES;
				CLANG_WARN_BLOCK_CAPTURE_AUTORELEASING = YES;
				CLANG_WARN_BOOL_CONVERSION = YES;
				CLANG_WARN_COMMA = YES;
				CLANG_WARN_CONSTANT_CONVERSION = YES;
				CLANG_WARN_DEPRECATED_OBJC_IMPLEMENTATIONS = YES;
				CLANG_WARN_DIRECT_OBJC_ISA_USAGE = YES_ERROR;
				CLANG_WARN_DOCUMENTATION_COMMENTS = YES;
				CLANG_WARN_EMPTY_BODY = YES;
				CLANG_WARN_ENUM_CONVERSION = YES;
				CLANG_WARN_INFINITE_RECURSION = YES;
				CLANG_WARN_INT_CONVERSION = YES;
				CLANG_WARN_NON_LITERAL_NULL_CONVERSION = YES;
				CLANG_WARN_OBJC_IMPLICIT_RETAIN_SELF = YES;
				CLANG_WARN_OBJC_LITERAL_CONVERSION = YES;
				CLANG_WARN_OBJC_ROOT_CLASS = YES_ERROR;
				CLANG_WARN_QUOTED_INCLUDE_IN_FRAMEWORK_HEADER = YES;
				CLANG_WARN_RANGE_LOOP_ANALYSIS = YES;
				CLANG_WARN_STRICT_PROTOTYPES = YES;
				CLANG_WARN_SUSPICIOUS_MOVE = YES;
				CLANG_WARN_UNGUARDED_AVAILABILITY = YES_AGGRESSIVE;
				CLANG_WARN_UNREACHABLE_CODE = YES;
				CLANG_WARN__DUPLICATE_METHOD_MATCH = YES;
				COPY_PHASE_STRIP = NO;
				DEBUG_INFORMATION_FORMAT = dwarf;
				DEVELOPMENT_TEAM = SD28Q5JP86;
				ENABLE_STRICT_OBJC_MSGSEND = YES;
				ENABLE_TESTABILITY = YES;
				ENABLE_USER_SCRIPT_SANDBOXING = YES;
				GCC_C_LANGUAGE_STANDARD = gnu17;
				GCC_DYNAMIC_NO_PIC = NO;
				GCC_NO_COMMON_BLOCKS = YES;
				GCC_OPTIMIZATION_LEVEL = 0;
				GCC_PREPROCESSOR_DEFINITIONS = (
					"DEBUG=1",
					"$(inherited)",
				);
				GCC_WARN_64_TO_32_BIT_CONVERSION = YES;
				GCC_WARN_ABOUT_RETURN_TYPE = YES_ERROR;
				GCC_WARN_UNDECLARED_SELECTOR = YES;
				GCC_WARN_UNINITIALIZED_AUTOS = YES_AGGRESSIVE;
				GCC_WARN_UNUSED_FUNCTION = YES;
				GCC_WARN_UNUSED_VARIABLE = YES;
				IPHONEOS_DEPLOYMENT_TARGET = 18.4;
				LOCALIZATION_PREFERS_STRING_CATALOGS = YES;
				MTL_ENABLE_DEBUG_INFO = INCLUDE_SOURCE;
				MTL_FAST_MATH = YES;
				ONLY_ACTIVE_ARCH = YES;
				SDKROOT = iphoneos;
				SWIFT_ACTIVE_COMPILATION_CONDITIONS = "DEBUG $(inherited)";
				SWIFT_OPTIMIZATION_LEVEL = "-Onone";
			};
			name = Debug;
		};
		DD5507652DC93A9600C419DA /* Release */ = {
			isa = XCBuildConfiguration;
			buildSettings = {
				ALWAYS_SEARCH_USER_PATHS = NO;
				ASSETCATALOG_COMPILER_GENERATE_SWIFT_ASSET_SYMBOL_EXTENSIONS = YES;
				CLANG_ANALYZER_NONNULL = YES;
				CLANG_ANALYZER_NUMBER_OBJECT_CONVERSION = YES_AGGRESSIVE;
				CLANG_CXX_LANGUAGE_STANDARD = "gnu++20";
				CLANG_ENABLE_MODULES = YES;
				CLANG_ENABLE_OBJC_ARC = YES;
				CLANG_ENABLE_OBJC_WEAK = YES;
				CLANG_WARN_BLOCK_CAPTURE_AUTORELEASING = YES;
				CLANG_WARN_BOOL_CONVERSION = YES;
				CLANG_WARN_COMMA = YES;
				CLANG_WARN_CONSTANT_CONVERSION = YES;
				CLANG_WARN_DEPRECATED_OBJC_IMPLEMENTATIONS = YES;
				CLANG_WARN_DIRECT_OBJC_ISA_USAGE = YES_ERROR;
				CLANG_WARN_DOCUMENTATION_COMMENTS = YES;
				CLANG_WARN_EMPTY_BODY = YES;
				CLANG_WARN_ENUM_CONVERSION = YES;
				CLANG_WARN_INFINITE_RECURSION = YES;
				CLANG_WARN_INT_CONVERSION = YES;
				CLANG_WARN_NON_LITERAL_NULL_CONVERSION = YES;
				CLANG_WARN_OBJC_IMPLICIT_RETAIN_SELF = YES;
				CLANG_WARN_OBJC_LITERAL_CONVERSION = YES;
				CLANG_WARN_OBJC_ROOT_CLASS = YES_ERROR;
				CLANG_WARN_QUOTED_INCLUDE_IN_FRAMEWORK_HEADER = YES;
				CLANG_WARN_RANGE_LOOP_ANALYSIS = YES;
				CLANG_WARN_STRICT_PROTOTYPES = YES;
				CLANG_WARN_SUSPICIOUS_MOVE = YES;
				CLANG_WARN_UNGUARDED_AVAILABILITY = YES_AGGRESSIVE;
				CLANG_WARN_UNREACHABLE_CODE = YES;
				CLANG_WARN__DUPLICATE_METHOD_MATCH = YES;
				COPY_PHASE_STRIP = NO;
				DEBUG_INFORMATION_FORMAT = "dwarf-with-dsym";
				DEVELOPMENT_TEAM = SD28Q5JP86;
				ENABLE_NS_ASSERTIONS = NO;
				ENABLE_STRICT_OBJC_MSGSEND = YES;
				ENABLE_USER_SCRIPT_SANDBOXING = YES;
				GCC_C_LANGUAGE_STANDARD = gnu17;
				GCC_NO_COMMON_BLOCKS = YES;
				GCC_WARN_64_TO_32_BIT_CONVERSION = YES;
				GCC_WARN_ABOUT_RETURN_TYPE = YES_ERROR;
				GCC_WARN_UNDECLARED_SELECTOR = YES;
				GCC_WARN_UNINITIALIZED_AUTOS = YES_AGGRESSIVE;
				GCC_WARN_UNUSED_FUNCTION = YES;
				GCC_WARN_UNUSED_VARIABLE = YES;
				IPHONEOS_DEPLOYMENT_TARGET = 18.4;
				LOCALIZATION_PREFERS_STRING_CATALOGS = YES;
				MTL_ENABLE_DEBUG_INFO = NO;
				MTL_FAST_MATH = YES;
				SDKROOT = iphoneos;
				SWIFT_COMPILATION_MODE = wholemodule;
				VALIDATE_PRODUCT = YES;
			};
			name = Release;
		};
		DD5507672DC93A9600C419DA /* Debug */ = {
			isa = XCBuildConfiguration;
			buildSettings = {
				ASSETCATALOG_COMPILER_APPICON_NAME = AppIcon;
				ASSETCATALOG_COMPILER_GLOBAL_ACCENT_COLOR_NAME = AccentColor;
				CODE_SIGN_STYLE = Automatic;
				CURRENT_PROJECT_VERSION = 1;
				DEVELOPMENT_TEAM = SD28Q5JP86;
				ENABLE_PREVIEWS = YES;
				GENERATE_INFOPLIST_FILE = YES;
				INFOPLIST_KEY_UIApplicationSceneManifest_Generation = YES;
				INFOPLIST_KEY_UIApplicationSupportsIndirectInputEvents = YES;
				INFOPLIST_KEY_UILaunchScreen_Generation = YES;
				INFOPLIST_KEY_UISupportedInterfaceOrientations_iPad = "UIInterfaceOrientationPortrait UIInterfaceOrientationPortraitUpsideDown UIInterfaceOrientationLandscapeLeft UIInterfaceOrientationLandscapeRight";
				INFOPLIST_KEY_UISupportedInterfaceOrientations_iPhone = "UIInterfaceOrientationPortrait UIInterfaceOrientationLandscapeLeft UIInterfaceOrientationLandscapeRight";
				LD_RUNPATH_SEARCH_PATHS = (
					"$(inherited)",
					"@executable_path/Frameworks",
				);
				MARKETING_VERSION = 1.0;
				PRODUCT_BUNDLE_IDENTIFIER = Haven.FahimUddin.Haven;
				PRODUCT_NAME = "$(TARGET_NAME)";
				SUPPORTED_PLATFORMS = "iphoneos iphonesimulator";
				SUPPORTS_MACCATALYST = NO;
				SUPPORTS_MAC_DESIGNED_FOR_IPHONE_IPAD = NO;
				SUPPORTS_XR_DESIGNED_FOR_IPHONE_IPAD = NO;
				SWIFT_EMIT_LOC_STRINGS = YES;
				SWIFT_VERSION = 5.0;
				TARGETED_DEVICE_FAMILY = 1;
			};
			name = Debug;
		};
		DD5507682DC93A9600C419DA /* Release */ = {
			isa = XCBuildConfiguration;
			buildSettings = {
				ASSETCATALOG_COMPILER_APPICON_NAME = AppIcon;
				ASSETCATALOG_COMPILER_GLOBAL_ACCENT_COLOR_NAME = AccentColor;
				CODE_SIGN_STYLE = Automatic;
				CURRENT_PROJECT_VERSION = 1;
				DEVELOPMENT_TEAM = SD28Q5JP86;
				ENABLE_PREVIEWS = YES;
				GENERATE_INFOPLIST_FILE = YES;
				INFOPLIST_KEY_UIApplicationSceneManifest_Generation = YES;
				INFOPLIST_KEY_UIApplicationSupportsIndirectInputEvents = YES;
				INFOPLIST_KEY_UILaunchScreen_Generation = YES;
				INFOPLIST_KEY_UISupportedInterfaceOrientations_iPad = "UIInterfaceOrientationPortrait UIInterfaceOrientationPortraitUpsideDown UIInterfaceOrientationLandscapeLeft UIInterfaceOrientationLandscapeRight";
				INFOPLIST_KEY_UISupportedInterfaceOrientations_iPhone = "UIInterfaceOrientationPortrait UIInterfaceOrientationLandscapeLeft UIInterfaceOrientationLandscapeRight";
				LD_RUNPATH_SEARCH_PATHS = (
					"$(inherited)",
					"@executable_path/Frameworks",
				);
				MARKETING_VERSION = 1.0;
				PRODUCT_BUNDLE_IDENTIFIER = Haven.FahimUddin.Haven;
				PRODUCT_NAME = "$(TARGET_NAME)";
				SUPPORTED_PLATFORMS = "iphoneos iphonesimulator";
				SUPPORTS_MACCATALYST = NO;
				SUPPORTS_MAC_DESIGNED_FOR_IPHONE_IPAD = NO;
				SUPPORTS_XR_DESIGNED_FOR_IPHONE_IPAD = NO;
				SWIFT_EMIT_LOC_STRINGS = YES;
				SWIFT_VERSION = 5.0;
				TARGETED_DEVICE_FAMILY = 1;
			};
			name = Release;
		};
/* End XCBuildConfiguration section */

/* Begin XCConfigurationList section */
		DD5507562DC93A9500C419DA /* Build configuration list for PBXProject "Challenge7" */ = {
			isa = XCConfigurationList;
			buildConfigurations = (
				DD5507642DC93A9600C419DA /* Debug */,
				DD5507652DC93A9600C419DA /* Release */,
			);
			defaultConfigurationIsVisible = 0;
			defaultConfigurationName = Release;
		};
		DD5507662DC93A9600C419DA /* Build configuration list for PBXNativeTarget "Challenge7" */ = {
			isa = XCConfigurationList;
			buildConfigurations = (
				DD5507672DC93A9600C419DA /* Debug */,
				DD5507682DC93A9600C419DA /* Release */,
			);
			defaultConfigurationIsVisible = 0;
			defaultConfigurationName = Release;
		};
/* End XCConfigurationList section */

/* Begin XCRemoteSwiftPackageReference section */
		DD4048942DDA6DB400C99291 /* XCRemoteSwiftPackageReference "Vortex" */ = {
			isa = XCRemoteSwiftPackageReference;
			repositoryURL = "https://github.com/twostraws/Vortex.git";
			requirement = {
				kind = upToNextMajorVersion;
				minimumVersion = 1.0.3;
			};
		};
		DD4048972DDA708600C99291 /* XCRemoteSwiftPackageReference "liquid" */ = {
			isa = XCRemoteSwiftPackageReference;
			repositoryURL = "https://github.com/maustinstar/liquid.git";
			requirement = {
				branch = master;
				kind = branch;
			};
		};
		DD40489D2DDA7ABA00C99291 /* XCRemoteSwiftPackageReference "ConcentricOnboarding" */ = {
			isa = XCRemoteSwiftPackageReference;
			repositoryURL = "https://github.com/exyte/ConcentricOnboarding.git";
			requirement = {
				kind = upToNextMajorVersion;
				minimumVersion = 1.1.1;
			};
		};
		DDA469E22DCE9E2C0083E6A5 /* XCRemoteSwiftPackageReference "lottie-ios" */ = {
			isa = XCRemoteSwiftPackageReference;
			repositoryURL = "https://github.com/airbnb/lottie-ios.git";
			requirement = {
				kind = upToNextMajorVersion;
				minimumVersion = 4.5.1;
			};
		};
		DDA46A782DD35F6C0083E6A5 /* XCRemoteSwiftPackageReference "ConfettiSwiftUI" */ = {
			isa = XCRemoteSwiftPackageReference;
			repositoryURL = "https://github.com/simibac/ConfettiSwiftUI.git";
			requirement = {
				kind = upToNextMajorVersion;
				minimumVersion = 2.0.3;
			};
		};
		DDA46A7B2DD35F820083E6A5 /* XCRemoteSwiftPackageReference "SwiftGlass" */ = {
			isa = XCRemoteSwiftPackageReference;
			repositoryURL = "https://github.com/1998code/SwiftGlass.git";
			requirement = {
				kind = upToNextMajorVersion;
				minimumVersion = 1.8.0;
			};
		};
/* End XCRemoteSwiftPackageReference section */

/* Begin XCSwiftPackageProductDependency section */
		DD4048952DDA6DB400C99291 /* Vortex */ = {
			isa = XCSwiftPackageProductDependency;
			package = DD4048942DDA6DB400C99291 /* XCRemoteSwiftPackageReference "Vortex" */;
			productName = Vortex;
		};
		DD4048982DDA708600C99291 /* Liquid */ = {
			isa = XCSwiftPackageProductDependency;
			package = DD4048972DDA708600C99291 /* XCRemoteSwiftPackageReference "liquid" */;
			productName = Liquid;
		};
		DD40489E2DDA7ABA00C99291 /* ConcentricOnboarding */ = {
			isa = XCSwiftPackageProductDependency;
			package = DD40489D2DDA7ABA00C99291 /* XCRemoteSwiftPackageReference "ConcentricOnboarding" */;
			productName = ConcentricOnboarding;
		};
		DDA469E32DCE9E2C0083E6A5 /* Lottie */ = {
			isa = XCSwiftPackageProductDependency;
			package = DDA469E22DCE9E2C0083E6A5 /* XCRemoteSwiftPackageReference "lottie-ios" */;
			productName = Lottie;
		};
		DDA46A792DD35F6C0083E6A5 /* ConfettiSwiftUI */ = {
			isa = XCSwiftPackageProductDependency;
			package = DDA46A782DD35F6C0083E6A5 /* XCRemoteSwiftPackageReference "ConfettiSwiftUI" */;
			productName = ConfettiSwiftUI;
		};
		DDA46A7C2DD35F820083E6A5 /* SwiftGlass */ = {
			isa = XCSwiftPackageProductDependency;
			package = DDA46A7B2DD35F820083E6A5 /* XCRemoteSwiftPackageReference "SwiftGlass" */;
			productName = SwiftGlass;
		};
/* End XCSwiftPackageProductDependency section */
	};
	rootObject = DD5507532DC93A9500C419DA /* Project object */;
}
