{
  "originHash" : "072902e9169b26197dafad7e4e9e5a582a3a72d9b74823f8c21fa67be3f5336e",
  "pins" : [
    {
      "identity" : "animatetext",
      "kind" : "remoteSourceControl",
      "location" : "https://github.com/jasudev/AnimateText.git",
      "state" : {
        "revision" : "c55847e03bb3f36cf83cc217fe60ec5feda9ddd6",
        "version" : "0.5.0"
      }
    },
    {
      "identity" : "confettiswiftui",
      "kind" : "remoteSourceControl",
      "location" : "https://github.com/simibac/ConfettiSwiftUI.git",
      "state" : {
        "revision" : "79666d42b882bf7921b1941fa7c636d681d77980",
        "version" : "2.0.3"
      }
    },
    {
      "identity" : "lottie-ios",
      "kind" : "remoteSourceControl",
      "location" : "https://github.com/airbnb/lottie-ios.git",
      "state" : {
        "revision" : "047aa81b77adcbf583a966dfef620d17650cc656",
        "version" : "4.5.1"
      }
    },
    {
      "identity" : "swiftglass",
      "kind" : "remoteSourceControl",
      "location" : "https://github.com/1998code/SwiftGlass.git",
      "state" : {
        "revision" : "85ebac895eec35925c0821c93a83f22d796eeb8a",
        "version" : "1.8.0"
      }
    }
  ],
  "version" : 3
}
