{
  "originHash" : "fbe5485b742f6644ebca64f3c0309d6505b85e3a7ec57cf75c73cb58c0e9be36",
  "pins" : [
    {
      "identity" : "confettiswiftui",
      "kind" : "remoteSourceControl",
      "location" : "https://github.com/simibac/ConfettiSwiftUI.git",
      "state" : {
        "revision" : "79666d42b882bf7921b1941fa7c636d681d77980",
        "version" : "2.0.3"
      }
    },
    {
      "identity" : "liquid",
      "kind" : "remoteSourceControl",
      "location" : "https://github.com/maustinstar/liquid.git",
      "state" : {
        "branch" : "master",
        "revision" : "067aecd19425b3d37d1bca176aca9a0dc5ff6ed0"
      }
    },
    {
      "identity" : "lottie-ios",
      "kind" : "remoteSourceControl",
      "location" : "https://github.com/airbnb/lottie-ios.git",
      "state" : {
        "revision" : "047aa81b77adcbf583a966dfef620d17650cc656",
        "version" : "4.5.1"
      }
    },
    {
      "identity" : "swiftglass",
      "kind" : "remoteSourceControl",
      "location" : "https://github.com/1998code/SwiftGlass.git",
      "state" : {
        "revision" : "85ebac895eec35925c0821c93a83f22d796eeb8a",
        "version" : "1.8.0"
      }
    },
    {
      "identity" : "waterfallgrid",
      "kind" : "remoteSourceControl",
      "location" : "https://github.com/paololeonardi/WaterfallGrid",
      "state" : {
        "revision" : "c7c08652c3540adf8e48409c351879b4caea7e89",
        "version" : "1.1.0"
      }
    }
  ],
  "version" : 3
}
